
Microsoft Visual Studio Solution File, Format Version 12.00
# Visual Studio Version 16
VisualStudioVersion = 16.0.30907.101
MinimumVisualStudioVersion = 10.0.40219.1
Project("{FAE04EC0-301F-11D3-BF4B-00C04F79EFBC}") = "Estrutura-De-Dados", "Estrutura-De-Dados.csproj", "{314A680B-2C0B-4D90-A60A-F5148E25399F}"
EndProject
Global
	GlobalSection(SolutionConfigurationPlatforms) = preSolution
		Debug|Any CPU = Debug|Any CPU
		Release|Any CPU = Release|Any CPU
	EndGlobalSection
	GlobalSection(ProjectConfigurationPlatforms) = postSolution
		{314A680B-2C0B-4D90-A60A-F5148E25399F}.Debug|Any CPU.ActiveCfg = Debug|Any CPU
		{314A680B-2C0B-4D90-A60A-F5148E25399F}.Debug|Any CPU.Build.0 = Debug|Any CPU
		{314A680B-2C0B-4D90-A60A-F5148E25399F}.Release|Any CPU.ActiveCfg = Release|Any CPU
		{314A680B-2C0B-4D90-A60A-F5148E25399F}.Release|Any CPU.Build.0 = Release|Any CPU
	EndGlobalSection
	GlobalSection(SolutionProperties) = preSolution
		HideSolutionNode = FALSE
	EndGlobalSection
	GlobalSection(ExtensibilityGlobals) = postSolution
		SolutionGuid = {9C8FBBC0-7022-4A97-B073-6E69633BC526}
	EndGlobalSection
EndGlobal
